
Microsoft Visual Studio Solution File, Format Version 12.00
# Visual Studio Version 17
VisualStudioVersion = 17.9.34728.123
MinimumVisualStudioVersion = 10.0.40219.1
Project("{FAE04EC0-301F-11D3-BF4B-00C04F79EFBC}") = "ConsoleApp3", "ConsoleApp3.csproj", "{4FD80098-BB57-478A-A213-5D8DE768524A}"
EndProject
Global
	GlobalSection(SolutionConfigurationPlatforms) = preSolution
		Debug|Any CPU = Debug|Any CPU
		Release|Any CPU = Release|Any CPU
	EndGlobalSection
	GlobalSection(ProjectConfigurationPlatforms) = postSolution
		{4FD80098-BB57-478A-A213-5D8DE768524A}.Debug|Any CPU.ActiveCfg = Debug|Any CPU
		{4FD80098-BB57-478A-A213-5D8DE768524A}.Debug|Any CPU.Build.0 = Debug|Any CPU
		{4FD80098-BB57-478A-A213-5D8DE768524A}.Release|Any CPU.ActiveCfg = Release|Any CPU
		{4FD80098-BB57-478A-A213-5D8DE768524A}.Release|Any CPU.Build.0 = Release|Any CPU
	EndGlobalSection
	GlobalSection(SolutionProperties) = preSolution
		HideSolutionNode = FALSE
	EndGlobalSection
	GlobalSection(ExtensibilityGlobals) = postSolution
		SolutionGuid = {7A8EED8C-83B1-4A7B-8B3C-E49AA3CBF9DE}
	EndGlobalSection
EndGlobal
